
Microsoft Visual Studio Solution File, Format Version 12.00
# Visual Studio Version 17
VisualStudioVersion = 17.5.33414.496
MinimumVisualStudioVersion = 10.0.40219.1
Project("{FAE04EC0-301F-11D3-BF4B-00C04F79EFBC}") = "PolymorphismEx1", "PolymorphismEx1\PolymorphismEx1.csproj", "{59D08CF0-97B6-4AF3-8E5C-CB815EE1A8CF}"
EndProject
Global
	GlobalSection(SolutionConfigurationPlatforms) = preSolution
		Debug|Any CPU = Debug|Any CPU
		Release|Any CPU = Release|Any CPU
	EndGlobalSection
	GlobalSection(ProjectConfigurationPlatforms) = postSolution
		{59D08CF0-97B6-4AF3-8E5C-CB815EE1A8CF}.Debug|Any CPU.ActiveCfg = Debug|Any CPU
		{59D08CF0-97B6-4AF3-8E5C-CB815EE1A8CF}.Debug|Any CPU.Build.0 = Debug|Any CPU
		{59D08CF0-97B6-4AF3-8E5C-CB815EE1A8CF}.Release|Any CPU.ActiveCfg = Release|Any CPU
		{59D08CF0-97B6-4AF3-8E5C-CB815EE1A8CF}.Release|Any CPU.Build.0 = Release|Any CPU
	EndGlobalSection
	GlobalSection(SolutionProperties) = preSolution
		HideSolutionNode = FALSE
	EndGlobalSection
	GlobalSection(ExtensibilityGlobals) = postSolution
		SolutionGuid = {5D9C5477-9DDD-436E-AB4C-1B6EAE6BC730}
	EndGlobalSection
EndGlobal
